
Microsoft Visual Studio Solution File, Format Version 12.00
# Visual Studio Version 16
VisualStudioVersion = 16.0.32126.315
MinimumVisualStudioVersion = 10.0.40219.1
Project("{9A19103F-16F7-4668-BE54-9A1E7A4F7556}") = "Dartmedia.WebDemos", "Dartmedia.WebDemos.csproj", "{24D7B27D-13AE-4410-83F5-1166356A79DC}"
EndProject
Global
	GlobalSection(SolutionConfigurationPlatforms) = preSolution
		Debug|Any CPU = Debug|Any CPU
		Release|Any CPU = Release|Any CPU
	EndGlobalSection
	GlobalSection(ProjectConfigurationPlatforms) = postSolution
		{24D7B27D-13AE-4410-83F5-1166356A79DC}.Debug|Any CPU.ActiveCfg = Debug|Any CPU
		{24D7B27D-13AE-4410-83F5-1166356A79DC}.Debug|Any CPU.Build.0 = Debug|Any CPU
		{24D7B27D-13AE-4410-83F5-1166356A79DC}.Release|Any CPU.ActiveCfg = Release|Any CPU
		{24D7B27D-13AE-4410-83F5-1166356A79DC}.Release|Any CPU.Build.0 = Release|Any CPU
	EndGlobalSection
	GlobalSection(SolutionProperties) = preSolution
		HideSolutionNode = FALSE
	EndGlobalSection
	GlobalSection(ExtensibilityGlobals) = postSolution
		SolutionGuid = {89AEEAFF-27D1-41F6-95A9-7BF7AFF2EFD1}
	EndGlobalSection
EndGlobal
